// !$*UTF8*$!
{
	archiveVersion = 1;
	classes = {
	};
	objectVersion = 46;
	objects = {

/* Begin PBXBuildFile section */
		50A9FC4C1AF9DC980051D5E0 /* AppDelegate.swift in Sources */ = {isa = PBXBuildFile; fileRef = 50A9FC4B1AF9DC980051D5E0 /* AppDelegate.swift */; };
		50A9FC4E1AF9DC980051D5E0 /* ViewController.swift in Sources */ = {isa = PBXBuildFile; fileRef = 50A9FC4D1AF9DC980051D5E0 /* ViewController.swift */; };
		50A9FC511AF9DC980051D5E0 /* Main.storyboard in Resources */ = {isa = PBXBuildFile; fileRef = 50A9FC4F1AF9DC980051D5E0 /* Main.storyboard */; };
		50A9FC531AF9DC980051D5E0 /* Images.xcassets in Resources */ = {isa = PBXBuildFile; fileRef = 50A9FC521AF9DC980051D5E0 /* Images.xcassets */; };
		50A9FC561AF9DC980051D5E0 /* LaunchScreen.xib in Resources */ = {isa = PBXBuildFile; fileRef = 50A9FC541AF9DC980051D5E0 /* LaunchScreen.xib */; };
		50A9FC621AF9DC980051D5E0 /* GoatCameraTests.swift in Sources */ = {isa = PBXBuildFile; fileRef = 50A9FC611AF9DC980051D5E0 /* GoatCameraTests.swift */; };
		C7D74CD47322B70970C1BC37 /* libPods.a in Frameworks */ = {isa = PBXBuildFile; fileRef = 98F274CF2AD7C03BAC9AAE08 /* libPods.a */; };
/* End PBXBuildFile section */

/* Begin PBXContainerItemProxy section */
		50A9FC5C1AF9DC980051D5E0 /* PBXContainerItemProxy */ = {
			isa = PBXContainerItemProxy;
			containerPortal = 50A9FC3E1AF9DC980051D5E0 /* Project object */;
			proxyType = 1;
			remoteGlobalIDString = 50A9FC451AF9DC980051D5E0;
			remoteInfo = GoatCamera;
		};
/* End PBXContainerItemProxy section */

/* Begin PBXFileReference section */
		04D1B099AC9BE8E2CCB8C20E /* Pods.debug.xcconfig */ = {isa = PBXFileReference; includeInIndex = 1; lastKnownFileType = text.xcconfig; name = Pods.debug.xcconfig; path = "Pods/Target Support Files/Pods/Pods.debug.xcconfig"; sourceTree = "<group>"; };
		50A9FC461AF9DC980051D5E0 /* GoatCamera.app */ = {isa = PBXFileReference; explicitFileType = wrapper.application; includeInIndex = 0; path = GoatCamera.app; sourceTree = BUILT_PRODUCTS_DIR; };
		50A9FC4A1AF9DC980051D5E0 /* Info.plist */ = {isa = PBXFileReference; lastKnownFileType = text.plist.xml; path = Info.plist; sourceTree = "<group>"; };
		50A9FC4B1AF9DC980051D5E0 /* AppDelegate.swift */ = {isa = PBXFileReference; lastKnownFileType = sourcecode.swift; path = AppDelegate.swift; sourceTree = "<group>"; };
		50A9FC4D1AF9DC980051D5E0 /* ViewController.swift */ = {isa = PBXFileReference; lastKnownFileType = sourcecode.swift; path = ViewController.swift; sourceTree = "<group>"; };
		50A9FC501AF9DC980051D5E0 /* Base */ = {isa = PBXFileReference; lastKnownFileType = file.storyboard; name = Base; path = Base.lproj/Main.storyboard; sourceTree = "<group>"; };
		50A9FC521AF9DC980051D5E0 /* Images.xcassets */ = {isa = PBXFileReference; lastKnownFileType = folder.assetcatalog; path = Images.xcassets; sourceTree = "<group>"; };
		50A9FC551AF9DC980051D5E0 /* Base */ = {isa = PBXFileReference; lastKnownFileType = file.xib; name = Base; path = Base.lproj/LaunchScreen.xib; sourceTree = "<group>"; };
		50A9FC5B1AF9DC980051D5E0 /* GoatCameraTests.xctest */ = {isa = PBXFileReference; explicitFileType = wrapper.cfbundle; includeInIndex = 0; path = GoatCameraTests.xctest; sourceTree = BUILT_PRODUCTS_DIR; };
		50A9FC601AF9DC980051D5E0 /* Info.plist */ = {isa = PBXFileReference; lastKnownFileType = text.plist.xml; path = Info.plist; sourceTree = "<group>"; };
		50A9FC611AF9DC980051D5E0 /* GoatCameraTests.swift */ = {isa = PBXFileReference; lastKnownFileType = sourcecode.swift; path = GoatCameraTests.swift; sourceTree = "<group>"; };
		851893028822F353F806562B /* Pods.release.xcconfig */ = {isa = PBXFileReference; includeInIndex = 1; lastKnownFileType = text.xcconfig; name = Pods.release.xcconfig; path = "Pods/Target Support Files/Pods/Pods.release.xcconfig"; sourceTree = "<group>"; };
		98F274CF2AD7C03BAC9AAE08 /* libPods.a */ = {isa = PBXFileReference; explicitFileType = archive.ar; includeInIndex = 0; path = libPods.a; sourceTree = BUILT_PRODUCTS_DIR; };
/* End PBXFileReference section */

/* Begin PBXFrameworksBuildPhase section */
		50A9FC431AF9DC980051D5E0 /* Frameworks */ = {
			isa = PBXFrameworksBuildPhase;
			buildActionMask = 2147483647;
			files = (
				C7D74CD47322B70970C1BC37 /* libPods.a in Frameworks */,
			);
			runOnlyForDeploymentPostprocessing = 0;
		};
		50A9FC581AF9DC980051D5E0 /* Frameworks */ = {
			isa = PBXFrameworksBuildPhase;
			buildActionMask = 2147483647;
			files = (
			);
			runOnlyForDeploymentPostprocessing = 0;
		};
/* End PBXFrameworksBuildPhase section */

/* Begin PBXGroup section */
		199D53F3E9B8179C9EC2638A /* Frameworks */ = {
			isa = PBXGroup;
			children = (
				98F274CF2AD7C03BAC9AAE08 /* libPods.a */,
			);
			name = Frameworks;
			sourceTree = "<group>";
		};
		3073AF06036A2BE5AAC96D3C /* Pods */ = {
			isa = PBXGroup;
			children = (
				04D1B099AC9BE8E2CCB8C20E /* Pods.debug.xcconfig */,
				851893028822F353F806562B /* Pods.release.xcconfig */,
			);
			name = Pods;
			sourceTree = "<group>";
		};
		50A9FC3D1AF9DC980051D5E0 = {
			isa = PBXGroup;
			children = (
				50A9FC481AF9DC980051D5E0 /* GoatCamera */,
				50A9FC5E1AF9DC980051D5E0 /* GoatCameraTests */,
				50A9FC471AF9DC980051D5E0 /* Products */,
				3073AF06036A2BE5AAC96D3C /* Pods */,
				199D53F3E9B8179C9EC2638A /* Frameworks */,
			);
			sourceTree = "<group>";
		};
		50A9FC471AF9DC980051D5E0 /* Products */ = {
			isa = PBXGroup;
			children = (
				50A9FC461AF9DC980051D5E0 /* GoatCamera.app */,
				50A9FC5B1AF9DC980051D5E0 /* GoatCameraTests.xctest */,
			);
			name = Products;
			sourceTree = "<group>";
		};
		50A9FC481AF9DC980051D5E0 /* GoatCamera */ = {
			isa = PBXGroup;
			children = (
				50A9FC4B1AF9DC980051D5E0 /* AppDelegate.swift */,
				50A9FC4D1AF9DC980051D5E0 /* ViewController.swift */,
				50A9FC4F1AF9DC980051D5E0 /* Main.storyboard */,
				50A9FC521AF9DC980051D5E0 /* Images.xcassets */,
				50A9FC541AF9DC980051D5E0 /* LaunchScreen.xib */,
				50A9FC491AF9DC980051D5E0 /* Supporting Files */,
			);
			path = GoatCamera;
			sourceTree = "<group>";
		};
		50A9FC491AF9DC980051D5E0 /* Supporting Files */ = {
			isa = PBXGroup;
			children = (
				50A9FC4A1AF9DC980051D5E0 /* Info.plist */,
			);
			name = "Supporting Files";
			sourceTree = "<group>";
		};
		50A9FC5E1AF9DC980051D5E0 /* GoatCameraTests */ = {
			isa = PBXGroup;
			children = (
				50A9FC611AF9DC980051D5E0 /* GoatCameraTests.swift */,
				50A9FC5F1AF9DC980051D5E0 /* Supporting Files */,
			);
			path = GoatCameraTests;
			sourceTree = "<group>";
		};
		50A9FC5F1AF9DC980051D5E0 /* Supporting Files */ = {
			isa = PBXGroup;
			children = (
				50A9FC601AF9DC980051D5E0 /* Info.plist */,
			);
			name = "Supporting Files";
			sourceTree = "<group>";
		};
/* End PBXGroup section */

/* Begin PBXNativeTarget section */
		50A9FC451AF9DC980051D5E0 /* GoatCamera */ = {
			isa = PBXNativeTarget;
			buildConfigurationList = 50A9FC651AF9DC980051D5E0 /* Build configuration list for PBXNativeTarget "GoatCamera" */;
			buildPhases = (
				3CF7F0CD77609AF1D5EC0119 /* Check Pods Manifest.lock */,
				50A9FC421AF9DC980051D5E0 /* Sources */,
				50A9FC431AF9DC980051D5E0 /* Frameworks */,
				50A9FC441AF9DC980051D5E0 /* Resources */,
				CDF6F9D6199A8701F8057FA7 /* Copy Pods Resources */,
			);
			buildRules = (
			);
			dependencies = (
			);
			name = GoatCamera;
			productName = GoatCamera;
			productReference = 50A9FC461AF9DC980051D5E0 /* GoatCamera.app */;
			productType = "com.apple.product-type.application";
		};
		50A9FC5A1AF9DC980051D5E0 /* GoatCameraTests */ = {
			isa = PBXNativeTarget;
			buildConfigurationList = 50A9FC681AF9DC980051D5E0 /* Build configuration list for PBXNativeTarget "GoatCameraTests" */;
			buildPhases = (
				50A9FC571AF9DC980051D5E0 /* Sources */,
				50A9FC581AF9DC980051D5E0 /* Frameworks */,
				50A9FC591AF9DC980051D5E0 /* Resources */,
			);
			buildRules = (
			);
			dependencies = (
				50A9FC5D1AF9DC980051D5E0 /* PBXTargetDependency */,
			);
			name = GoatCameraTests;
			productName = GoatCameraTests;
			productReference = 50A9FC5B1AF9DC980051D5E0 /* GoatCameraTests.xctest */;
			productType = "com.apple.product-type.bundle.unit-test";
		};
/* End PBXNativeTarget section */

/* Begin PBXProject section */
		50A9FC3E1AF9DC980051D5E0 /* Project object */ = {
			isa = PBXProject;
			attributes = {
				LastUpgradeCheck = 0630;
				ORGANIZATIONNAME = MaxCreativeShop;
				TargetAttributes = {
					50A9FC451AF9DC980051D5E0 = {
						CreatedOnToolsVersion = 6.3;
					};
					50A9FC5A1AF9DC980051D5E0 = {
						CreatedOnToolsVersion = 6.3;
						TestTargetID = 50A9FC451AF9DC980051D5E0;
					};
				};
			};
			buildConfigurationList = 50A9FC411AF9DC980051D5E0 /* Build configuration list for PBXProject "GoatCamera" */;
			compatibilityVersion = "Xcode 3.2";
			developmentRegion = English;
			hasScannedForEncodings = 0;
			knownRegions = (
				en,
				Base,
			);
			mainGroup = 50A9FC3D1AF9DC980051D5E0;
			productRefGroup = 50A9FC471AF9DC980051D5E0 /* Products */;
			projectDirPath = "";
			projectRoot = "";
			targets = (
				50A9FC451AF9DC980051D5E0 /* GoatCamera */,
				50A9FC5A1AF9DC980051D5E0 /* GoatCameraTests */,
			);
		};
/* End PBXProject section */

/* Begin PBXResourcesBuildPhase section */
		50A9FC441AF9DC980051D5E0 /* Resources */ = {
			isa = PBXResourcesBuildPhase;
			buildActionMask = 2147483647;
			files = (
				50A9FC511AF9DC980051D5E0 /* Main.storyboard in Resources */,
				50A9FC561AF9DC980051D5E0 /* LaunchScreen.xib in Resources */,
				50A9FC531AF9DC980051D5E0 /* Images.xcassets in Resources */,
			);
			runOnlyForDeploymentPostprocessing = 0;
		};
		50A9FC591AF9DC980051D5E0 /* Resources */ = {
			isa = PBXResourcesBuildPhase;
			buildActionMask = 2147483647;
			files = (
			);
			runOnlyForDeploymentPostprocessing = 0;
		};
/* End PBXResourcesBuildPhase section */

/* Begin PBXShellScriptBuildPhase section */
		3CF7F0CD77609AF1D5EC0119 /* Check Pods Manifest.lock */ = {
			isa = PBXShellScriptBuildPhase;
			buildActionMask = 2147483647;
			files = (
			);
			inputPaths = (
			);
			name = "Check Pods Manifest.lock";
			outputPaths = (
			);
			runOnlyForDeploymentPostprocessing = 0;
			shellPath = /bin/sh;
			shellScript = "diff \"${PODS_ROOT}/../Podfile.lock\" \"${PODS_ROOT}/Manifest.lock\" > /dev/null\nif [[ $? != 0 ]] ; then\n    cat << EOM\nerror: The sandbox is not in sync with the Podfile.lock. Run 'pod install' or update your CocoaPods installation.\nEOM\n    exit 1\nfi\n";
			showEnvVarsInLog = 0;
		};
		CDF6F9D6199A8701F8057FA7 /* Copy Pods Resources */ = {
			isa = PBXShellScriptBuildPhase;
			buildActionMask = 2147483647;
			files = (
			);
			inputPaths = (
			);
			name = "Copy Pods Resources";
			outputPaths = (
			);
			runOnlyForDeploymentPostprocessing = 0;
			shellPath = /bin/sh;
			shellScript = "\"${SRCROOT}/Pods/Target Support Files/Pods/Pods-resources.sh\"\n";
			showEnvVarsInLog = 0;
		};
/* End PBXShellScriptBuildPhase section */

/* Begin PBXSourcesBuildPhase section */
		50A9FC421AF9DC980051D5E0 /* Sources */ = {
			isa = PBXSourcesBuildPhase;
			buildActionMask = 2147483647;
			files = (
				50A9FC4E1AF9DC980051D5E0 /* ViewController.swift in Sources */,
				50A9FC4C1AF9DC980051D5E0 /* AppDelegate.swift in Sources */,
			);
			runOnlyForDeploymentPostprocessing = 0;
		};
		50A9FC571AF9DC980051D5E0 /* Sources */ = {
			isa = PBXSourcesBuildPhase;
			buildActionMask = 2147483647;
			files = (
				50A9FC621AF9DC980051D5E0 /* GoatCameraTests.swift in Sources */,
			);
			runOnlyForDeploymentPostprocessing = 0;
		};
/* End PBXSourcesBuildPhase section */

/* Begin PBXTargetDependency section */
		50A9FC5D1AF9DC980051D5E0 /* PBXTargetDependency */ = {
			isa = PBXTargetDependency;
			target = 50A9FC451AF9DC980051D5E0 /* GoatCamera */;
			targetProxy = 50A9FC5C1AF9DC980051D5E0 /* PBXContainerItemProxy */;
		};
/* End PBXTargetDependency section */

/* Begin PBXVariantGroup section */
		50A9FC4F1AF9DC980051D5E0 /* Main.storyboard */ = {
			isa = PBXVariantGroup;
			children = (
				50A9FC501AF9DC980051D5E0 /* Base */,
			);
			name = Main.storyboard;
			sourceTree = "<group>";
		};
		50A9FC541AF9DC980051D5E0 /* LaunchScreen.xib */ = {
			isa = PBXVariantGroup;
			children = (
				50A9FC551AF9DC980051D5E0 /* Base */,
			);
			name = LaunchScreen.xib;
			sourceTree = "<group>";
		};
/* End PBXVariantGroup section */

/* Begin XCBuildConfiguration section */
		50A9FC631AF9DC980051D5E0 /* Debug */ = {
			isa = XCBuildConfiguration;
			buildSettings = {
				ALWAYS_SEARCH_USER_PATHS = NO;
				CLANG_CXX_LANGUAGE_STANDARD = "gnu++0x";
				CLANG_CXX_LIBRARY = "libc++";
				CLANG_ENABLE_MODULES = YES;
				CLANG_ENABLE_OBJC_ARC = YES;
				CLANG_WARN_BOOL_CONVERSION = YES;
				CLANG_WARN_CONSTANT_CONVERSION = YES;
				CLANG_WARN_DIRECT_OBJC_ISA_USAGE = YES_ERROR;
				CLANG_WARN_EMPTY_BODY = YES;
				CLANG_WARN_ENUM_CONVERSION = YES;
				CLANG_WARN_INT_CONVERSION = YES;
				CLANG_WARN_OBJC_ROOT_CLASS = YES_ERROR;
				CLANG_WARN_UNREACHABLE_CODE = YES;
				CLANG_WARN__DUPLICATE_METHOD_MATCH = YES;
				"CODE_SIGN_IDENTITY[sdk=iphoneos*]" = "iPhone Developer";
				COPY_PHASE_STRIP = NO;
				DEBUG_INFORMATION_FORMAT = "dwarf-with-dsym";
				ENABLE_STRICT_OBJC_MSGSEND = YES;
				GCC_C_LANGUAGE_STANDARD = gnu99;
				GCC_DYNAMIC_NO_PIC = NO;
				GCC_NO_COMMON_BLOCKS = YES;
				GCC_OPTIMIZATION_LEVEL = 0;
				GCC_PREPROCESSOR_DEFINITIONS = (
					"DEBUG=1",
					"$(inherited)",
				);
				GCC_SYMBOLS_PRIVATE_EXTERN = NO;
				GCC_WARN_64_TO_32_BIT_CONVERSION = YES;
				GCC_WARN_ABOUT_RETURN_TYPE = YES_ERROR;
				GCC_WARN_UNDECLARED_SELECTOR = YES;
				GCC_WARN_UNINITIALIZED_AUTOS = YES_AGGRESSIVE;
				GCC_WARN_UNUSED_FUNCTION = YES;
				GCC_WARN_UNUSED_VARIABLE = YES;
				IPHONEOS_DEPLOYMENT_TARGET = 8.3;
				MTL_ENABLE_DEBUG_INFO = YES;
				ONLY_ACTIVE_ARCH = YES;
				SDKROOT = iphoneos;
				SWIFT_OPTIMIZATION_LEVEL = "-Onone";
			};
			name = Debug;
		};
		50A9FC641AF9DC980051D5E0 /* Release */ = {
			isa = XCBuildConfiguration;
			buildSettings = {
				ALWAYS_SEARCH_USER_PATHS = NO;
				CLANG_CXX_LANGUAGE_STANDARD = "gnu++0x";
				CLANG_CXX_LIBRARY = "libc++";
				CLANG_ENABLE_MODULES = YES;
				CLANG_ENABLE_OBJC_ARC = YES;
				CLANG_WARN_BOOL_CONVERSION = YES;
				CLANG_WARN_CONSTANT_CONVERSION = YES;
				CLANG_WARN_DIRECT_OBJC_ISA_USAGE = YES_ERROR;
				CLANG_WARN_EMPTY_BODY = YES;
				CLANG_WARN_ENUM_CONVERSION = YES;
				CLANG_WARN_INT_CONVERSION = YES;
				CLANG_WARN_OBJC_ROOT_CLASS = YES_ERROR;
				CLANG_WARN_UNREACHABLE_CODE = YES;
				CLANG_WARN__DUPLICATE_METHOD_MATCH = YES;
				"CODE_SIGN_IDENTITY[sdk=iphoneos*]" = "iPhone Developer";
				COPY_PHASE_STRIP = NO;
				DEBUG_INFORMATION_FORMAT = "dwarf-with-dsym";
				ENABLE_NS_ASSERTIONS = NO;
				ENABLE_STRICT_OBJC_MSGSEND = YES;
				GCC_C_LANGUAGE_STANDARD = gnu99;
				GCC_NO_COMMON_BLOCKS = YES;
				GCC_WARN_64_TO_32_BIT_CONVERSION = YES;
				GCC_WARN_ABOUT_RETURN_TYPE = YES_ERROR;
				GCC_WARN_UNDECLARED_SELECTOR = YES;
				GCC_WARN_UNINITIALIZED_AUTOS = YES_AGGRESSIVE;
				GCC_WARN_UNUSED_FUNCTION = YES;
				GCC_WARN_UNUSED_VARIABLE = YES;
				IPHONEOS_DEPLOYMENT_TARGET = 8.3;
				MTL_ENABLE_DEBUG_INFO = NO;
				SDKROOT = iphoneos;
				VALIDATE_PRODUCT = YES;
			};
			name = Release;
		};
		50A9FC661AF9DC980051D5E0 /* Debug */ = {
			isa = XCBuildConfiguration;
			baseConfigurationReference = 04D1B099AC9BE8E2CCB8C20E /* Pods.debug.xcconfig */;
			buildSettings = {
				ASSETCATALOG_COMPILER_APPICON_NAME = AppIcon;
				INFOPLIST_FILE = GoatCamera/Info.plist;
				LD_RUNPATH_SEARCH_PATHS = "$(inherited) @executable_path/Frameworks";
				PRODUCT_NAME = "$(TARGET_NAME)";
			};
			name = Debug;
		};
		50A9FC671AF9DC980051D5E0 /* Release */ = {
			isa = XCBuildConfiguration;
			baseConfigurationReference = 851893028822F353F806562B /* Pods.release.xcconfig */;
			buildSettings = {
				ASSETCATALOG_COMPILER_APPICON_NAME = AppIcon;
				INFOPLIST_FILE = GoatCamera/Info.plist;
				LD_RUNPATH_SEARCH_PATHS = "$(inherited) @executable_path/Frameworks";
				PRODUCT_NAME = "$(TARGET_NAME)";
			};
			name = Release;
		};
		50A9FC691AF9DC980051D5E0 /* Debug */ = {
			isa = XCBuildConfiguration;
			buildSettings = {
				BUNDLE_LOADER = "$(TEST_HOST)";
				FRAMEWORK_SEARCH_PATHS = (
					"$(SDKROOT)/Developer/Library/Frameworks",
					"$(inherited)",
				);
				GCC_PREPROCESSOR_DEFINITIONS = (
					"DEBUG=1",
					"$(inherited)",
				);
				INFOPLIST_FILE = GoatCameraTests/Info.plist;
				LD_RUNPATH_SEARCH_PATHS = "$(inherited) @executable_path/Frameworks @loader_path/Frameworks";
				PRODUCT_NAME = "$(TARGET_NAME)";
				TEST_HOST = "$(BUILT_PRODUCTS_DIR)/GoatCamera.app/GoatCamera";
			};
			name = Debug;
		};
		50A9FC6A1AF9DC980051D5E0 /* Release */ = {
			isa = XCBuildConfiguration;
			buildSettings = {
				BUNDLE_LOADER = "$(TEST_HOST)";
				FRAMEWORK_SEARCH_PATHS = (
					"$(SDKROOT)/Developer/Library/Frameworks",
					"$(inherited)",
				);
				INFOPLIST_FILE = GoatCameraTests/Info.plist;
				LD_RUNPATH_SEARCH_PATHS = "$(inherited) @executable_path/Frameworks @loader_path/Frameworks";
				PRODUCT_NAME = "$(TARGET_NAME)";
				TEST_HOST = "$(BUILT_PRODUCTS_DIR)/GoatCamera.app/GoatCamera";
			};
			name = Release;
		};
/* End XCBuildConfiguration section */

/* Begin XCConfigurationList section */
		50A9FC411AF9DC980051D5E0 /* Build configuration list for PBXProject "GoatCamera" */ = {
			isa = XCConfigurationList;
			buildConfigurations = (
				50A9FC631AF9DC980051D5E0 /* Debug */,
				50A9FC641AF9DC980051D5E0 /* Release */,
			);
			defaultConfigurationIsVisible = 0;
			defaultConfigurationName = Release;
		};
		50A9FC651AF9DC980051D5E0 /* Build configuration list for PBXNativeTarget "GoatCamera" */ = {
			isa = XCConfigurationList;
			buildConfigurations = (
				50A9FC661AF9DC980051D5E0 /* Debug */,
				50A9FC671AF9DC980051D5E0 /* Release */,
			);
			defaultConfigurationIsVisible = 0;
			defaultConfigurationName = Release;
		};
		50A9FC681AF9DC980051D5E0 /* Build configuration list for PBXNativeTarget "GoatCameraTests" */ = {
			isa = XCConfigurationList;
			buildConfigurations = (
				50A9FC691AF9DC980051D5E0 /* Debug */,
				50A9FC6A1AF9DC980051D5E0 /* Release */,
			);
			defaultConfigurationIsVisible = 0;
			defaultConfigurationName = Release;
		};
/* End XCConfigurationList section */
	};
	rootObject = 50A9FC3E1AF9DC980051D5E0 /* Project object */;
}
